// !$*UTF8*$!
{
	archiveVersion = 1;
	classes = {
	};
	objectVersion = 56;
	objects = {

/* Begin PBXBuildFile section */
		7DC89B912B48A69F002D8A2C /* createApp.swift in Sources */ = {isa = PBXBuildFile; fileRef = 7DC89B902B48A69F002D8A2C /* createApp.swift */; };
		7DC89B932B48A69F002D8A2C /* ContentView.swift in Sources */ = {isa = PBXBuildFile; fileRef = 7DC89B922B48A69F002D8A2C /* ContentView.swift */; };
		7DC89B952B48A6A0002D8A2C /* Assets.xcassets in Resources */ = {isa = PBXBuildFile; fileRef = 7DC89B942B48A6A0002D8A2C /* Assets.xcassets */; };
		7DC89B982B48A6A0002D8A2C /* Preview Assets.xcassets in Resources */ = {isa = PBXBuildFile; fileRef = 7DC89B972B48A6A0002D8A2C /* Preview Assets.xcassets */; };
		7DC89BA22B48A6A0002D8A2C /* createTests.swift in Sources */ = {isa = PBXBuildFile; fileRef = 7DC89BA12B48A6A0002D8A2C /* createTests.swift */; };
		7DC89BAC2B48A6A0002D8A2C /* createUITests.swift in Sources */ = {isa = PBXBuildFile; fileRef = 7DC89BAB2B48A6A0002D8A2C /* createUITests.swift */; };
		7DC89BAE2B48A6A0002D8A2C /* createUITestsLaunchTests.swift in Sources */ = {isa = PBXBuildFile; fileRef = 7DC89BAD2B48A6A0002D8A2C /* createUITestsLaunchTests.swift */; };
		7DC89BBF2B48F3F6002D8A2C /* DrawingView.swift in Sources */ = {isa = PBXBuildFile; fileRef = 7DC89BBE2B48F3F6002D8A2C /* DrawingView.swift */; };
		7DC89BC12B490648002D8A2C /* ProfilesView.swift in Sources */ = {isa = PBXBuildFile; fileRef = 7DC89BC02B490648002D8A2C /* ProfilesView.swift */; };
/* End PBXBuildFile section */

/* Begin PBXContainerItemProxy section */
		7DC89B9E2B48A6A0002D8A2C /* PBXContainerItemProxy */ = {
			isa = PBXContainerItemProxy;
			containerPortal = 7DC89B852B48A69F002D8A2C /* Project object */;
			proxyType = 1;
			remoteGlobalIDString = 7DC89B8C2B48A69F002D8A2C;
			remoteInfo = create;
		};
		7DC89BA82B48A6A0002D8A2C /* PBXContainerItemProxy */ = {
			isa = PBXContainerItemProxy;
			containerPortal = 7DC89B852B48A69F002D8A2C /* Project object */;
			proxyType = 1;
			remoteGlobalIDString = 7DC89B8C2B48A69F002D8A2C;
			remoteInfo = create;
		};
/* End PBXContainerItemProxy section */

/* Begin PBXFileReference section */
		7DC89B8D2B48A69F002D8A2C /* create.app */ = {isa = PBXFileReference; explicitFileType = wrapper.application; includeInIndex = 0; path = create.app; sourceTree = BUILT_PRODUCTS_DIR; };
		7DC89B902B48A69F002D8A2C /* createApp.swift */ = {isa = PBXFileReference; lastKnownFileType = sourcecode.swift; path = createApp.swift; sourceTree = "<group>"; };
		7DC89B922B48A69F002D8A2C /* ContentView.swift */ = {isa = PBXFileReference; lastKnownFileType = sourcecode.swift; path = ContentView.swift; sourceTree = "<group>"; };
		7DC89B942B48A6A0002D8A2C /* Assets.xcassets */ = {isa = PBXFileReference; lastKnownFileType = folder.assetcatalog; path = Assets.xcassets; sourceTree = "<group>"; };
		7DC89B972B48A6A0002D8A2C /* Preview Assets.xcassets */ = {isa = PBXFileReference; lastKnownFileType = folder.assetcatalog; path = "Preview Assets.xcassets"; sourceTree = "<group>"; };
		7DC89B9D2B48A6A0002D8A2C /* createTests.xctest */ = {isa = PBXFileReference; explicitFileType = wrapper.cfbundle; includeInIndex = 0; path = createTests.xctest; sourceTree = BUILT_PRODUCTS_DIR; };
		7DC89BA12B48A6A0002D8A2C /* createTests.swift */ = {isa = PBXFileReference; lastKnownFileType = sourcecode.swift; path = createTests.swift; sourceTree = "<group>"; };
		7DC89BA72B48A6A0002D8A2C /* createUITests.xctest */ = {isa = PBXFileReference; explicitFileType = wrapper.cfbundle; includeInIndex = 0; path = createUITests.xctest; sourceTree = BUILT_PRODUCTS_DIR; };
		7DC89BAB2B48A6A0002D8A2C /* createUITests.swift */ = {isa = PBXFileReference; lastKnownFileType = sourcecode.swift; path = createUITests.swift; sourceTree = "<group>"; };
		7DC89BAD2B48A6A0002D8A2C /* createUITestsLaunchTests.swift */ = {isa = PBXFileReference; lastKnownFileType = sourcecode.swift; path = createUITestsLaunchTests.swift; sourceTree = "<group>"; };
		7DC89BBE2B48F3F6002D8A2C /* DrawingView.swift */ = {isa = PBXFileReference; lastKnownFileType = sourcecode.swift; path = DrawingView.swift; sourceTree = "<group>"; };
		7DC89BC02B490648002D8A2C /* ProfilesView.swift */ = {isa = PBXFileReference; lastKnownFileType = sourcecode.swift; path = ProfilesView.swift; sourceTree = "<group>"; };
/* End PBXFileReference section */

/* Begin PBXFrameworksBuildPhase section */
		7DC89B8A2B48A69F002D8A2C /* Frameworks */ = {
			isa = PBXFrameworksBuildPhase;
			buildActionMask = 2147483647;
			files = (
			);
			runOnlyForDeploymentPostprocessing = 0;
		};
		7DC89B9A2B48A6A0002D8A2C /* Frameworks */ = {
			isa = PBXFrameworksBuildPhase;
			buildActionMask = 2147483647;
			files = (
			);
			runOnlyForDeploymentPostprocessing = 0;
		};
		7DC89BA42B48A6A0002D8A2C /* Frameworks */ = {
			isa = PBXFrameworksBuildPhase;
			buildActionMask = 2147483647;
			files = (
			);
			runOnlyForDeploymentPostprocessing = 0;
		};
/* End PBXFrameworksBuildPhase section */

/* Begin PBXGroup section */
		7DC89B842B48A69F002D8A2C = {
			isa = PBXGroup;
			children = (
				7DC89B8F2B48A69F002D8A2C /* create */,
				7DC89BA02B48A6A0002D8A2C /* createTests */,
				7DC89BAA2B48A6A0002D8A2C /* createUITests */,
				7DC89B8E2B48A69F002D8A2C /* Products */,
			);
			sourceTree = "<group>";
		};
		7DC89B8E2B48A69F002D8A2C /* Products */ = {
			isa = PBXGroup;
			children = (
				7DC89B8D2B48A69F002D8A2C /* create.app */,
				7DC89B9D2B48A6A0002D8A2C /* createTests.xctest */,
				7DC89BA72B48A6A0002D8A2C /* createUITests.xctest */,
			);
			name = Products;
			sourceTree = "<group>";
		};
		7DC89B8F2B48A69F002D8A2C /* create */ = {
			isa = PBXGroup;
			children = (
				7DC89B902B48A69F002D8A2C /* createApp.swift */,
				7DC89B922B48A69F002D8A2C /* ContentView.swift */,
				7DC89BBE2B48F3F6002D8A2C /* DrawingView.swift */,
				7DC89BC02B490648002D8A2C /* ProfilesView.swift */,
				7DC89B942B48A6A0002D8A2C /* Assets.xcassets */,
				7DC89B962B48A6A0002D8A2C /* Preview Content */,
			);
			path = create;
			sourceTree = "<group>";
		};
		7DC89B962B48A6A0002D8A2C /* Preview Content */ = {
			isa = PBXGroup;
			children = (
				7DC89B972B48A6A0002D8A2C /* Preview Assets.xcassets */,
			);
			path = "Preview Content";
			sourceTree = "<group>";
		};
		7DC89BA02B48A6A0002D8A2C /* createTests */ = {
			isa = PBXGroup;
			children = (
				7DC89BA12B48A6A0002D8A2C /* createTests.swift */,
			);
			path = createTests;
			sourceTree = "<group>";
		};
		7DC89BAA2B48A6A0002D8A2C /* createUITests */ = {
			isa = PBXGroup;
			children = (
				7DC89BAB2B48A6A0002D8A2C /* createUITests.swift */,
				7DC89BAD2B48A6A0002D8A2C /* createUITestsLaunchTests.swift */,
			);
			path = createUITests;
			sourceTree = "<group>";
		};
/* End PBXGroup section */

/* Begin PBXNativeTarget section */
		7DC89B8C2B48A69F002D8A2C /* create */ = {
			isa = PBXNativeTarget;
			buildConfigurationList = 7DC89BB12B48A6A0002D8A2C /* Build configuration list for PBXNativeTarget "create" */;
			buildPhases = (
				7DC89B892B48A69F002D8A2C /* Sources */,
				7DC89B8A2B48A69F002D8A2C /* Frameworks */,
				7DC89B8B2B48A69F002D8A2C /* Resources */,
			);
			buildRules = (
			);
			dependencies = (
			);
			name = create;
			productName = create;
			productReference = 7DC89B8D2B48A69F002D8A2C /* create.app */;
			productType = "com.apple.product-type.application";
		};
		7DC89B9C2B48A6A0002D8A2C /* createTests */ = {
			isa = PBXNativeTarget;
			buildConfigurationList = 7DC89BB42B48A6A0002D8A2C /* Build configuration list for PBXNativeTarget "createTests" */;
			buildPhases = (
				7DC89B992B48A6A0002D8A2C /* Sources */,
				7DC89B9A2B48A6A0002D8A2C /* Frameworks */,
				7DC89B9B2B48A6A0002D8A2C /* Resources */,
			);
			buildRules = (
			);
			dependencies = (
				7DC89B9F2B48A6A0002D8A2C /* PBXTargetDependency */,
			);
			name = createTests;
			productName = createTests;
			productReference = 7DC89B9D2B48A6A0002D8A2C /* createTests.xctest */;
			productType = "com.apple.product-type.bundle.unit-test";
		};
		7DC89BA62B48A6A0002D8A2C /* createUITests */ = {
			isa = PBXNativeTarget;
			buildConfigurationList = 7DC89BB72B48A6A0002D8A2C /* Build configuration list for PBXNativeTarget "createUITests" */;
			buildPhases = (
				7DC89BA32B48A6A0002D8A2C /* Sources */,
				7DC89BA42B48A6A0002D8A2C /* Frameworks */,
				7DC89BA52B48A6A0002D8A2C /* Resources */,
			);
			buildRules = (
			);
			dependencies = (
				7DC89BA92B48A6A0002D8A2C /* PBXTargetDependency */,
			);
			name = createUITests;
			productName = createUITests;
			productReference = 7DC89BA72B48A6A0002D8A2C /* createUITests.xctest */;
			productType = "com.apple.product-type.bundle.ui-testing";
		};
/* End PBXNativeTarget section */

/* Begin PBXProject section */
		7DC89B852B48A69F002D8A2C /* Project object */ = {
			isa = PBXProject;
			attributes = {
				BuildIndependentTargetsInParallel = 1;
				LastSwiftUpdateCheck = 1510;
				LastUpgradeCheck = 1510;
				TargetAttributes = {
					7DC89B8C2B48A69F002D8A2C = {
						CreatedOnToolsVersion = 15.1;
					};
					7DC89B9C2B48A6A0002D8A2C = {
						CreatedOnToolsVersion = 15.1;
						TestTargetID = 7DC89B8C2B48A69F002D8A2C;
					};
					7DC89BA62B48A6A0002D8A2C = {
						CreatedOnToolsVersion = 15.1;
						TestTargetID = 7DC89B8C2B48A69F002D8A2C;
					};
				};
			};
			buildConfigurationList = 7DC89B882B48A69F002D8A2C /* Build configuration list for PBXProject "create" */;
			compatibilityVersion = "Xcode 14.0";
			developmentRegion = en;
			hasScannedForEncodings = 0;
			knownRegions = (
				en,
				Base,
			);
			mainGroup = 7DC89B842B48A69F002D8A2C;
			productRefGroup = 7DC89B8E2B48A69F002D8A2C /* Products */;
			projectDirPath = "";
			projectRoot = "";
			targets = (
				7DC89B8C2B48A69F002D8A2C /* create */,
				7DC89B9C2B48A6A0002D8A2C /* createTests */,
				7DC89BA62B48A6A0002D8A2C /* createUITests */,
			);
		};
/* End PBXProject section */

/* Begin PBXResourcesBuildPhase section */
		7DC89B8B2B48A69F002D8A2C /* Resources */ = {
			isa = PBXResourcesBuildPhase;
			buildActionMask = 2147483647;
			files = (
				7DC89B982B48A6A0002D8A2C /* Preview Assets.xcassets in Resources */,
				7DC89B952B48A6A0002D8A2C /* Assets.xcassets in Resources */,
			);
			runOnlyForDeploymentPostprocessing = 0;
		};
		7DC89B9B2B48A6A0002D8A2C /* Resources */ = {
			isa = PBXResourcesBuildPhase;
			buildActionMask = 2147483647;
			files = (
			);
			runOnlyForDeploymentPostprocessing = 0;
		};
		7DC89BA52B48A6A0002D8A2C /* Resources */ = {
			isa = PBXResourcesBuildPhase;
			buildActionMask = 2147483647;
			files = (
			);
			runOnlyForDeploymentPostprocessing = 0;
		};
/* End PBXResourcesBuildPhase section */

/* Begin PBXSourcesBuildPhase section */
		7DC89B892B48A69F002D8A2C /* Sources */ = {
			isa = PBXSourcesBuildPhase;
			buildActionMask = 2147483647;
			files = (
				7DC89BC12B490648002D8A2C /* ProfilesView.swift in Sources */,
				7DC89BBF2B48F3F6002D8A2C /* DrawingView.swift in Sources */,
				7DC89B932B48A69F002D8A2C /* ContentView.swift in Sources */,
				7DC89B912B48A69F002D8A2C /* createApp.swift in Sources */,
			);
			runOnlyForDeploymentPostprocessing = 0;
		};
		7DC89B992B48A6A0002D8A2C /* Sources */ = {
			isa = PBXSourcesBuildPhase;
			buildActionMask = 2147483647;
			files = (
				7DC89BA22B48A6A0002D8A2C /* createTests.swift in Sources */,
			);
			runOnlyForDeploymentPostprocessing = 0;
		};
		7DC89BA32B48A6A0002D8A2C /* Sources */ = {
			isa = PBXSourcesBuildPhase;
			buildActionMask = 2147483647;
			files = (
				7DC89BAE2B48A6A0002D8A2C /* createUITestsLaunchTests.swift in Sources */,
				7DC89BAC2B48A6A0002D8A2C /* createUITests.swift in Sources */,
			);
			runOnlyForDeploymentPostprocessing = 0;
		};
/* End PBXSourcesBuildPhase section */

/* Begin PBXTargetDependency section */
		7DC89B9F2B48A6A0002D8A2C /* PBXTargetDependency */ = {
			isa = PBXTargetDependency;
			target = 7DC89B8C2B48A69F002D8A2C /* create */;
			targetProxy = 7DC89B9E2B48A6A0002D8A2C /* PBXContainerItemProxy */;
		};
		7DC89BA92B48A6A0002D8A2C /* PBXTargetDependency */ = {
			isa = PBXTargetDependency;
			target = 7DC89B8C2B48A69F002D8A2C /* create */;
			targetProxy = 7DC89BA82B48A6A0002D8A2C /* PBXContainerItemProxy */;
		};
/* End PBXTargetDependency section */

/* Begin XCBuildConfiguration section */
		7DC89BAF2B48A6A0002D8A2C /* Debug */ = {
			isa = XCBuildConfiguration;
			buildSettings = {
				ALWAYS_SEARCH_USER_PATHS = NO;
				ASSETCATALOG_COMPILER_GENERATE_SWIFT_ASSET_SYMBOL_EXTENSIONS = YES;
				CLANG_ANALYZER_NONNULL = YES;
				CLANG_ANALYZER_NUMBER_OBJECT_CONVERSION = YES_AGGRESSIVE;
				CLANG_CXX_LANGUAGE_STANDARD = "gnu++20";
				CLANG_ENABLE_MODULES = YES;
				CLANG_ENABLE_OBJC_ARC = YES;
				CLANG_ENABLE_OBJC_WEAK = YES;
				CLANG_WARN_BLOCK_CAPTURE_AUTORELEASING = YES;
				CLANG_WARN_BOOL_CONVERSION = YES;
				CLANG_WARN_COMMA = YES;
				CLANG_WARN_CONSTANT_CONVERSION = YES;
				CLANG_WARN_DEPRECATED_OBJC_IMPLEMENTATIONS = YES;
				CLANG_WARN_DIRECT_OBJC_ISA_USAGE = YES_ERROR;
				CLANG_WARN_DOCUMENTATION_COMMENTS = YES;
				CLANG_WARN_EMPTY_BODY = YES;
				CLANG_WARN_ENUM_CONVERSION = YES;
				CLANG_WARN_INFINITE_RECURSION = YES;
				CLANG_WARN_INT_CONVERSION = YES;
				CLANG_WARN_NON_LITERAL_NULL_CONVERSION = YES;
				CLANG_WARN_OBJC_IMPLICIT_RETAIN_SELF = YES;
				CLANG_WARN_OBJC_LITERAL_CONVERSION = YES;
				CLANG_WARN_OBJC_ROOT_CLASS = YES_ERROR;
				CLANG_WARN_QUOTED_INCLUDE_IN_FRAMEWORK_HEADER = YES;
				CLANG_WARN_RANGE_LOOP_ANALYSIS = YES;
				CLANG_WARN_STRICT_PROTOTYPES = YES;
				CLANG_WARN_SUSPICIOUS_MOVE = YES;
				CLANG_WARN_UNGUARDED_AVAILABILITY = YES_AGGRESSIVE;
				CLANG_WARN_UNREACHABLE_CODE = YES;
				CLANG_WARN__DUPLICATE_METHOD_MATCH = YES;
				COPY_PHASE_STRIP = NO;
				DEBUG_INFORMATION_FORMAT = dwarf;
				ENABLE_STRICT_OBJC_MSGSEND = YES;
				ENABLE_TESTABILITY = YES;
				ENABLE_USER_SCRIPT_SANDBOXING = YES;
				GCC_C_LANGUAGE_STANDARD = gnu17;
				GCC_DYNAMIC_NO_PIC = NO;
				GCC_NO_COMMON_BLOCKS = YES;
				GCC_OPTIMIZATION_LEVEL = 0;
				GCC_PREPROCESSOR_DEFINITIONS = (
					"DEBUG=1",
					"$(inherited)",
				);
				GCC_WARN_64_TO_32_BIT_CONVERSION = YES;
				GCC_WARN_ABOUT_RETURN_TYPE = YES_ERROR;
				GCC_WARN_UNDECLARED_SELECTOR = YES;
				GCC_WARN_UNINITIALIZED_AUTOS = YES_AGGRESSIVE;
				GCC_WARN_UNUSED_FUNCTION = YES;
				GCC_WARN_UNUSED_VARIABLE = YES;
				IPHONEOS_DEPLOYMENT_TARGET = 17.2;
				LOCALIZATION_PREFERS_STRING_CATALOGS = YES;
				MTL_ENABLE_DEBUG_INFO = INCLUDE_SOURCE;
				MTL_FAST_MATH = YES;
				ONLY_ACTIVE_ARCH = YES;
				SDKROOT = iphoneos;
				SWIFT_ACTIVE_COMPILATION_CONDITIONS = "DEBUG $(inherited)";
				SWIFT_OPTIMIZATION_LEVEL = "-Onone";
			};
			name = Debug;
		};
		7DC89BB02B48A6A0002D8A2C /* Release */ = {
			isa = XCBuildConfiguration;
			buildSettings = {
				ALWAYS_SEARCH_USER_PATHS = NO;
				ASSETCATALOG_COMPILER_GENERATE_SWIFT_ASSET_SYMBOL_EXTENSIONS = YES;
				CLANG_ANALYZER_NONNULL = YES;
				CLANG_ANALYZER_NUMBER_OBJECT_CONVERSION = YES_AGGRESSIVE;
				CLANG_CXX_LANGUAGE_STANDARD = "gnu++20";
				CLANG_ENABLE_MODULES = YES;
				CLANG_ENABLE_OBJC_ARC = YES;
				CLANG_ENABLE_OBJC_WEAK = YES;
				CLANG_WARN_BLOCK_CAPTURE_AUTORELEASING = YES;
				CLANG_WARN_BOOL_CONVERSION = YES;
				CLANG_WARN_COMMA = YES;
				CLANG_WARN_CONSTANT_CONVERSION = YES;
				CLANG_WARN_DEPRECATED_OBJC_IMPLEMENTATIONS = YES;
				CLANG_WARN_DIRECT_OBJC_ISA_USAGE = YES_ERROR;
				CLANG_WARN_DOCUMENTATION_COMMENTS = YES;
				CLANG_WARN_EMPTY_BODY = YES;
				CLANG_WARN_ENUM_CONVERSION = YES;
				CLANG_WARN_INFINITE_RECURSION = YES;
				CLANG_WARN_INT_CONVERSION = YES;
				CLANG_WARN_NON_LITERAL_NULL_CONVERSION = YES;
				CLANG_WARN_OBJC_IMPLICIT_RETAIN_SELF = YES;
				CLANG_WARN_OBJC_LITERAL_CONVERSION = YES;
				CLANG_WARN_OBJC_ROOT_CLASS = YES_ERROR;
				CLANG_WARN_QUOTED_INCLUDE_IN_FRAMEWORK_HEADER = YES;
				CLANG_WARN_RANGE_LOOP_ANALYSIS = YES;
				CLANG_WARN_STRICT_PROTOTYPES = YES;
				CLANG_WARN_SUSPICIOUS_MOVE = YES;
				CLANG_WARN_UNGUARDED_AVAILABILITY = YES_AGGRESSIVE;
				CLANG_WARN_UNREACHABLE_CODE = YES;
				CLANG_WARN__DUPLICATE_METHOD_MATCH = YES;
				COPY_PHASE_STRIP = NO;
				DEBUG_INFORMATION_FORMAT = "dwarf-with-dsym";
				ENABLE_NS_ASSERTIONS = NO;
				ENABLE_STRICT_OBJC_MSGSEND = YES;
				ENABLE_USER_SCRIPT_SANDBOXING = YES;
				GCC_C_LANGUAGE_STANDARD = gnu17;
				GCC_NO_COMMON_BLOCKS = YES;
				GCC_WARN_64_TO_32_BIT_CONVERSION = YES;
				GCC_WARN_ABOUT_RETURN_TYPE = YES_ERROR;
				GCC_WARN_UNDECLARED_SELECTOR = YES;
				GCC_WARN_UNINITIALIZED_AUTOS = YES_AGGRESSIVE;
				GCC_WARN_UNUSED_FUNCTION = YES;
				GCC_WARN_UNUSED_VARIABLE = YES;
				IPHONEOS_DEPLOYMENT_TARGET = 17.2;
				LOCALIZATION_PREFERS_STRING_CATALOGS = YES;
				MTL_ENABLE_DEBUG_INFO = NO;
				MTL_FAST_MATH = YES;
				SDKROOT = iphoneos;
				SWIFT_COMPILATION_MODE = wholemodule;
				VALIDATE_PRODUCT = YES;
			};
			name = Release;
		};
		7DC89BB22B48A6A0002D8A2C /* Debug */ = {
			isa = XCBuildConfiguration;
			buildSettings = {
				ASSETCATALOG_COMPILER_APPICON_NAME = AppIcon;
				ASSETCATALOG_COMPILER_GLOBAL_ACCENT_COLOR_NAME = AccentColor;
				CODE_SIGN_STYLE = Automatic;
				CURRENT_PROJECT_VERSION = 1;
				DEVELOPMENT_ASSET_PATHS = "\"create/Preview Content\"";
				DEVELOPMENT_TEAM = M5MDVDJ4L6;
				ENABLE_PREVIEWS = YES;
				GENERATE_INFOPLIST_FILE = YES;
				INFOPLIST_KEY_UIApplicationSceneManifest_Generation = YES;
				INFOPLIST_KEY_UIApplicationSupportsIndirectInputEvents = YES;
				INFOPLIST_KEY_UILaunchScreen_Generation = YES;
				INFOPLIST_KEY_UISupportedInterfaceOrientations_iPad = "UIInterfaceOrientationPortrait UIInterfaceOrientationPortraitUpsideDown UIInterfaceOrientationLandscapeLeft UIInterfaceOrientationLandscapeRight";
				INFOPLIST_KEY_UISupportedInterfaceOrientations_iPhone = "UIInterfaceOrientationPortrait UIInterfaceOrientationLandscapeLeft UIInterfaceOrientationLandscapeRight";
				IPHONEOS_DEPLOYMENT_TARGET = 17.1;
				LD_RUNPATH_SEARCH_PATHS = (
					"$(inherited)",
					"@executable_path/Frameworks",
				);
				MARKETING_VERSION = 1.0;
				PRODUCT_BUNDLE_IDENTIFIER = com.artsername.create;
				PRODUCT_NAME = "$(TARGET_NAME)";
				SWIFT_EMIT_LOC_STRINGS = YES;
				SWIFT_VERSION = 5.0;
				TARGETED_DEVICE_FAMILY = "1,2";
			};
			name = Debug;
		};
		7DC89BB32B48A6A0002D8A2C /* Release */ = {
			isa = XCBuildConfiguration;
			buildSettings = {
				ASSETCATALOG_COMPILER_APPICON_NAME = AppIcon;
				ASSETCATALOG_COMPILER_GLOBAL_ACCENT_COLOR_NAME = AccentColor;
				CODE_SIGN_STYLE = Automatic;
				CURRENT_PROJECT_VERSION = 1;
				DEVELOPMENT_ASSET_PATHS = "\"create/Preview Content\"";
				DEVELOPMENT_TEAM = M5MDVDJ4L6;
				ENABLE_PREVIEWS = YES;
				GENERATE_INFOPLIST_FILE = YES;
				INFOPLIST_KEY_UIApplicationSceneManifest_Generation = YES;
				INFOPLIST_KEY_UIApplicationSupportsIndirectInputEvents = YES;
				INFOPLIST_KEY_UILaunchScreen_Generation = YES;
				INFOPLIST_KEY_UISupportedInterfaceOrientations_iPad = "UIInterfaceOrientationPortrait UIInterfaceOrientationPortraitUpsideDown UIInterfaceOrientationLandscapeLeft UIInterfaceOrientationLandscapeRight";
				INFOPLIST_KEY_UISupportedInterfaceOrientations_iPhone = "UIInterfaceOrientationPortrait UIInterfaceOrientationLandscapeLeft UIInterfaceOrientationLandscapeRight";
				IPHONEOS_DEPLOYMENT_TARGET = 17.1;
				LD_RUNPATH_SEARCH_PATHS = (
					"$(inherited)",
					"@executable_path/Frameworks",
				);
				MARKETING_VERSION = 1.0;
				PRODUCT_BUNDLE_IDENTIFIER = com.artsername.create;
				PRODUCT_NAME = "$(TARGET_NAME)";
				SWIFT_EMIT_LOC_STRINGS = YES;
				SWIFT_VERSION = 5.0;
				TARGETED_DEVICE_FAMILY = "1,2";
			};
			name = Release;
		};
		7DC89BB52B48A6A0002D8A2C /* Debug */ = {
			isa = XCBuildConfiguration;
			buildSettings = {
				ALWAYS_EMBED_SWIFT_STANDARD_LIBRARIES = YES;
				BUNDLE_LOADER = "$(TEST_HOST)";
				CODE_SIGN_STYLE = Automatic;
				CURRENT_PROJECT_VERSION = 1;
				DEVELOPMENT_TEAM = M5MDVDJ4L6;
				GENERATE_INFOPLIST_FILE = YES;
				IPHONEOS_DEPLOYMENT_TARGET = 17.1;
				MARKETING_VERSION = 1.0;
				PRODUCT_BUNDLE_IDENTIFIER = com.example.createTests;
				PRODUCT_NAME = "$(TARGET_NAME)";
				SWIFT_EMIT_LOC_STRINGS = NO;
				SWIFT_VERSION = 5.0;
				TARGETED_DEVICE_FAMILY = "1,2";
				TEST_HOST = "$(BUILT_PRODUCTS_DIR)/create.app/$(BUNDLE_EXECUTABLE_FOLDER_PATH)/create";
			};
			name = Debug;
		};
		7DC89BB62B48A6A0002D8A2C /* Release */ = {
			isa = XCBuildConfiguration;
			buildSettings = {
				ALWAYS_EMBED_SWIFT_STANDARD_LIBRARIES = YES;
				BUNDLE_LOADER = "$(TEST_HOST)";
				CODE_SIGN_STYLE = Automatic;
				CURRENT_PROJECT_VERSION = 1;
				DEVELOPMENT_TEAM = M5MDVDJ4L6;
				GENERATE_INFOPLIST_FILE = YES;
				IPHONEOS_DEPLOYMENT_TARGET = 17.1;
				MARKETING_VERSION = 1.0;
				PRODUCT_BUNDLE_IDENTIFIER = com.example.createTests;
				PRODUCT_NAME = "$(TARGET_NAME)";
				SWIFT_EMIT_LOC_STRINGS = NO;
				SWIFT_VERSION = 5.0;
				TARGETED_DEVICE_FAMILY = "1,2";
				TEST_HOST = "$(BUILT_PRODUCTS_DIR)/create.app/$(BUNDLE_EXECUTABLE_FOLDER_PATH)/create";
			};
			name = Release;
		};
		7DC89BB82B48A6A0002D8A2C /* Debug */ = {
			isa = XCBuildConfiguration;
			buildSettings = {
				ALWAYS_EMBED_SWIFT_STANDARD_LIBRARIES = YES;
				CODE_SIGN_STYLE = Automatic;
				CURRENT_PROJECT_VERSION = 1;
				DEVELOPMENT_TEAM = M5MDVDJ4L6;
				GENERATE_INFOPLIST_FILE = YES;
				IPHONEOS_DEPLOYMENT_TARGET = 17.1;
				MARKETING_VERSION = 1.0;
				PRODUCT_BUNDLE_IDENTIFIER = com.example.createUITests;
				PRODUCT_NAME = "$(TARGET_NAME)";
				SWIFT_EMIT_LOC_STRINGS = NO;
				SWIFT_VERSION = 5.0;
				TARGETED_DEVICE_FAMILY = "1,2";
				TEST_TARGET_NAME = create;
			};
			name = Debug;
		};
		7DC89BB92B48A6A0002D8A2C /* Release */ = {
			isa = XCBuildConfiguration;
			buildSettings = {
				ALWAYS_EMBED_SWIFT_STANDARD_LIBRARIES = YES;
				CODE_SIGN_STYLE = Automatic;
				CURRENT_PROJECT_VERSION = 1;
				DEVELOPMENT_TEAM = M5MDVDJ4L6;
				GENERATE_INFOPLIST_FILE = YES;
				IPHONEOS_DEPLOYMENT_TARGET = 17.1;
				MARKETING_VERSION = 1.0;
				PRODUCT_BUNDLE_IDENTIFIER = com.example.createUITests;
				PRODUCT_NAME = "$(TARGET_NAME)";
				SWIFT_EMIT_LOC_STRINGS = NO;
				SWIFT_VERSION = 5.0;
				TARGETED_DEVICE_FAMILY = "1,2";
				TEST_TARGET_NAME = create;
			};
			name = Release;
		};
/* End XCBuildConfiguration section */

/* Begin XCConfigurationList section */
		7DC89B882B48A69F002D8A2C /* Build configuration list for PBXProject "create" */ = {
			isa = XCConfigurationList;
			buildConfigurations = (
				7DC89BAF2B48A6A0002D8A2C /* Debug */,
				7DC89BB02B48A6A0002D8A2C /* Release */,
			);
			defaultConfigurationIsVisible = 0;
			defaultConfigurationName = Release;
		};
		7DC89BB12B48A6A0002D8A2C /* Build configuration list for PBXNativeTarget "create" */ = {
			isa = XCConfigurationList;
			buildConfigurations = (
				7DC89BB22B48A6A0002D8A2C /* Debug */,
				7DC89BB32B48A6A0002D8A2C /* Release */,
			);
			defaultConfigurationIsVisible = 0;
			defaultConfigurationName = Release;
		};
		7DC89BB42B48A6A0002D8A2C /* Build configuration list for PBXNativeTarget "createTests" */ = {
			isa = XCConfigurationList;
			buildConfigurations = (
				7DC89BB52B48A6A0002D8A2C /* Debug */,
				7DC89BB62B48A6A0002D8A2C /* Release */,
			);
			defaultConfigurationIsVisible = 0;
			defaultConfigurationName = Release;
		};
		7DC89BB72B48A6A0002D8A2C /* Build configuration list for PBXNativeTarget "createUITests" */ = {
			isa = XCConfigurationList;
			buildConfigurations = (
				7DC89BB82B48A6A0002D8A2C /* Debug */,
				7DC89BB92B48A6A0002D8A2C /* Release */,
			);
			defaultConfigurationIsVisible = 0;
			defaultConfigurationName = Release;
		};
/* End XCConfigurationList section */
	};
	rootObject = 7DC89B852B48A69F002D8A2C /* Project object */;
}
